// !$*UTF8*$!
{
	archiveVersion = 1;
	classes = {
	};
	objectVersion = 70;
	objects = {

/* Begin PBXBuildFile section */
		1A9F400B2F5F70D900DFA8EF /* SupabaseService.swift in Sources */ = {isa = PBXBuildFile; fileRef = 1A9F400A2F5F70D900DFA8EF /* SupabaseService.swift */; };
		1A9F40142F5F772E00DFA8EF /* Auth in Frameworks */ = {isa = PBXBuildFile; productRef = 1A9F40132F5F772E00DFA8EF /* Auth */; };
		1A9F40162F5F772E00DFA8EF /* Functions in Frameworks */ = {isa = PBXBuildFile; productRef = 1A9F40152F5F772E00DFA8EF /* Functions */; };
		1A9F40182F5F772E00DFA8EF /* PostgREST in Frameworks */ = {isa = PBXBuildFile; productRef = 1A9F40172F5F772E00DFA8EF /* PostgREST */; };
		1A9F401A2F5F772E00DFA8EF /* Realtime in Frameworks */ = {isa = PBXBuildFile; productRef = 1A9F40192F5F772E00DFA8EF /* Realtime */; };
		1A9F401C2F5F772E00DFA8EF /* Storage in Frameworks */ = {isa = PBXBuildFile; productRef = 1A9F401B2F5F772E00DFA8EF /* Storage */; };
		1A9F40212F5FBE7E00DFA8EF /* Supabase in Frameworks */ = {isa = PBXBuildFile; productRef = 1A9F40202F5FBE7E00DFA8EF /* Supabase */; };
		1A9F403B2F62254400DFA8EF /* CookModeView.swift in Sources */ = {isa = PBXBuildFile; fileRef = 1A9F403A2F62254400DFA8EF /* CookModeView.swift */; };
		1A9F403D2F62436D00DFA8EF /* AuthManager.swift in Sources */ = {isa = PBXBuildFile; fileRef = 1A9F403C2F62436D00DFA8EF /* AuthManager.swift */; };
		1A9F404E2F65F80900DFA8EF /* StoreManager.swift in Sources */ = {isa = PBXBuildFile; fileRef = 1A9F404D2F65F80900DFA8EF /* StoreManager.swift */; };
		1ABCDACF2F57AEEB00975132 /* SourceIconView.swift in Sources */ = {isa = PBXBuildFile; fileRef = 1ABCDACE2F57AEEB00975132 /* SourceIconView.swift */; };
		B0010001 /* AIRecipeApp.swift in Sources */ = {isa = PBXBuildFile; fileRef = F0010001 /* AIRecipeApp.swift */; };
		B0010002 /* RecipeListView.swift in Sources */ = {isa = PBXBuildFile; fileRef = F0010002 /* RecipeListView.swift */; };
		B0010003 /* AddRecipeView.swift in Sources */ = {isa = PBXBuildFile; fileRef = F0010003 /* AddRecipeView.swift */; };
		B0010004 /* RecipeEditView.swift in Sources */ = {isa = PBXBuildFile; fileRef = F0010004 /* RecipeEditView.swift */; };
		B0010005 /* RecipePageView.swift in Sources */ = {isa = PBXBuildFile; fileRef = F0010005 /* RecipePageView.swift */; };
		B0010006 /* ImagePickerView.swift in Sources */ = {isa = PBXBuildFile; fileRef = F0010006 /* ImagePickerView.swift */; };
		B0010007 /* QRCodeScannerView.swift in Sources */ = {isa = PBXBuildFile; fileRef = F0010007 /* QRCodeScannerView.swift */; };
		B0010008 /* PasteLinkView.swift in Sources */ = {isa = PBXBuildFile; fileRef = F0010008 /* PasteLinkView.swift */; };
		B0010009 /* VideoThumbnailView.swift in Sources */ = {isa = PBXBuildFile; fileRef = F0010009 /* VideoThumbnailView.swift */; };
		B001000A /* BoxStyle.swift in Sources */ = {isa = PBXBuildFile; fileRef = F001000A /* BoxStyle.swift */; };
		B001000B /* AppTheme.swift in Sources */ = {isa = PBXBuildFile; fileRef = F001000B /* AppTheme.swift */; };
		B001000C /* Recipe.swift in Sources */ = {isa = PBXBuildFile; fileRef = F001000C /* Recipe.swift */; };
		B001000D /* Assets.xcassets in Resources */ = {isa = PBXBuildFile; fileRef = F001000D /* Assets.xcassets */; };
		B001000E /* RecipeBackendService.swift in Sources */ = {isa = PBXBuildFile; fileRef = F001000E /* RecipeBackendService.swift */; };
		B0010011 /* MainView.swift in Sources */ = {isa = PBXBuildFile; fileRef = F0010011 /* MainView.swift */; };
/* End PBXBuildFile section */

/* Begin PBXFileReference section */
		1A9F400A2F5F70D900DFA8EF /* SupabaseService.swift */ = {isa = PBXFileReference; lastKnownFileType = sourcecode.swift; path = SupabaseService.swift; sourceTree = "<group>"; };
		1A9F403A2F62254400DFA8EF /* CookModeView.swift */ = {isa = PBXFileReference; lastKnownFileType = sourcecode.swift; path = CookModeView.swift; sourceTree = "<group>"; };
		1A9F403C2F62436D00DFA8EF /* AuthManager.swift */ = {isa = PBXFileReference; lastKnownFileType = sourcecode.swift; path = AuthManager.swift; sourceTree = "<group>"; };
		1A9F404D2F65F80900DFA8EF /* StoreManager.swift */ = {isa = PBXFileReference; lastKnownFileType = sourcecode.swift; path = StoreManager.swift; sourceTree = "<group>"; };
		1ABCDACE2F57AEEB00975132 /* SourceIconView.swift */ = {isa = PBXFileReference; lastKnownFileType = sourcecode.swift; path = SourceIconView.swift; sourceTree = "<group>"; };
		E0010000 /* AIRecipeApp.app */ = {isa = PBXFileReference; explicitFileType = wrapper.application; includeInIndex = 0; path = AIRecipeApp.app; sourceTree = BUILT_PRODUCTS_DIR; };
		F0010001 /* AIRecipeApp.swift */ = {isa = PBXFileReference; lastKnownFileType = sourcecode.swift; path = AIRecipeApp.swift; sourceTree = "<group>"; };
		F0010002 /* RecipeListView.swift */ = {isa = PBXFileReference; lastKnownFileType = sourcecode.swift; path = RecipeListView.swift; sourceTree = "<group>"; };
		F0010003 /* AddRecipeView.swift */ = {isa = PBXFileReference; lastKnownFileType = sourcecode.swift; path = AddRecipeView.swift; sourceTree = "<group>"; };
		F0010004 /* RecipeEditView.swift */ = {isa = PBXFileReference; lastKnownFileType = sourcecode.swift; path = RecipeEditView.swift; sourceTree = "<group>"; };
		F0010005 /* RecipePageView.swift */ = {isa = PBXFileReference; lastKnownFileType = sourcecode.swift; path = RecipePageView.swift; sourceTree = "<group>"; };
		F0010006 /* ImagePickerView.swift */ = {isa = PBXFileReference; lastKnownFileType = sourcecode.swift; path = ImagePickerView.swift; sourceTree = "<group>"; };
		F0010007 /* QRCodeScannerView.swift */ = {isa = PBXFileReference; lastKnownFileType = sourcecode.swift; path = QRCodeScannerView.swift; sourceTree = "<group>"; };
		F0010008 /* PasteLinkView.swift */ = {isa = PBXFileReference; lastKnownFileType = sourcecode.swift; path = PasteLinkView.swift; sourceTree = "<group>"; };
		F0010009 /* VideoThumbnailView.swift */ = {isa = PBXFileReference; lastKnownFileType = sourcecode.swift; path = VideoThumbnailView.swift; sourceTree = "<group>"; };
		F001000A /* BoxStyle.swift */ = {isa = PBXFileReference; lastKnownFileType = sourcecode.swift; path = BoxStyle.swift; sourceTree = "<group>"; };
		F001000B /* AppTheme.swift */ = {isa = PBXFileReference; lastKnownFileType = sourcecode.swift; path = AppTheme.swift; sourceTree = "<group>"; };
		F001000C /* Recipe.swift */ = {isa = PBXFileReference; lastKnownFileType = sourcecode.swift; path = Recipe.swift; sourceTree = "<group>"; };
		F001000D /* Assets.xcassets */ = {isa = PBXFileReference; lastKnownFileType = folder.assetcatalog; path = Assets.xcassets; sourceTree = "<group>"; };
		F001000E /* RecipeBackendService.swift */ = {isa = PBXFileReference; lastKnownFileType = sourcecode.swift; path = RecipeBackendService.swift; sourceTree = "<group>"; };
		F001000F /* Info.plist */ = {isa = PBXFileReference; lastKnownFileType = text.plist.xml; path = Info.plist; sourceTree = "<group>"; };
		F0010010 /* README.md */ = {isa = PBXFileReference; lastKnownFileType = net.daringfireball.markdown; path = README.md; sourceTree = "<group>"; };
		F0010011 /* MainView.swift */ = {isa = PBXFileReference; lastKnownFileType = sourcecode.swift; path = MainView.swift; sourceTree = "<group>"; };
/* End PBXFileReference section */

/* Begin PBXFileSystemSynchronizedRootGroup section */
		1A9F40292F6114E400DFA8EF /* Auth View */ = {isa = PBXFileSystemSynchronizedRootGroup; explicitFileTypes = {}; explicitFolders = (); path = "Auth View"; sourceTree = "<group>"; };
		1A9F403E2F6249AF00DFA8EF /* Model */ = {isa = PBXFileSystemSynchronizedRootGroup; explicitFileTypes = {}; explicitFolders = (); path = Model; sourceTree = "<group>"; };
		1A9F404F2F65F91900DFA8EF /* Payment */ = {isa = PBXFileSystemSynchronizedRootGroup; explicitFileTypes = {}; explicitFolders = (); path = Payment; sourceTree = "<group>"; };
/* End PBXFileSystemSynchronizedRootGroup section */

/* Begin PBXFrameworksBuildPhase section */
		C0010001 /* Frameworks */ = {
			isa = PBXFrameworksBuildPhase;
			buildActionMask = 2147483647;
			files = (
				1A9F40182F5F772E00DFA8EF /* PostgREST in Frameworks */,
				1A9F40162F5F772E00DFA8EF /* Functions in Frameworks */,
				1A9F40212F5FBE7E00DFA8EF /* Supabase in Frameworks */,
				1A9F40142F5F772E00DFA8EF /* Auth in Frameworks */,
				1A9F401C2F5F772E00DFA8EF /* Storage in Frameworks */,
				1A9F401A2F5F772E00DFA8EF /* Realtime in Frameworks */,
			);
			runOnlyForDeploymentPostprocessing = 0;
		};
/* End PBXFrameworksBuildPhase section */

/* Begin PBXGroup section */
		1A9F401F2F5FBE7E00DFA8EF /* Frameworks */ = {
			isa = PBXGroup;
			children = (
			);
			name = Frameworks;
			sourceTree = "<group>";
		};
		G0010000 = {
			isa = PBXGroup;
			children = (
				G0010001 /* AIRecipe */,
				1A9F401F2F5FBE7E00DFA8EF /* Frameworks */,
				G0010002 /* Products */,
			);
			sourceTree = "<group>";
		};
		G0010001 /* AIRecipe */ = {
			isa = PBXGroup;
			children = (
				1A9F403E2F6249AF00DFA8EF /* Model */,
				F0010001 /* AIRecipeApp.swift */,
				G0010003 /* Views */,
				G0010004 /* Helpers */,
				G0010005 /* Theme */,
				G0010006 /* Models */,
				G0010007 /* Fonts */,
				F001000D /* Assets.xcassets */,
				F001000F /* Info.plist */,
			);
			path = AIRecipe;
			sourceTree = "<group>";
		};
		G0010002 /* Products */ = {
			isa = PBXGroup;
			children = (
				E0010000 /* AIRecipeApp.app */,
			);
			name = Products;
			sourceTree = "<group>";
		};
		G0010003 /* Views */ = {
			isa = PBXGroup;
			children = (
				1A9F404F2F65F91900DFA8EF /* Payment */,
				F0010011 /* MainView.swift */,
				F0010002 /* RecipeListView.swift */,
				F0010003 /* AddRecipeView.swift */,
				F0010004 /* RecipeEditView.swift */,
				F0010005 /* RecipePageView.swift */,
				1A9F40292F6114E400DFA8EF /* Auth View */,
				F0010006 /* ImagePickerView.swift */,
				F0010007 /* QRCodeScannerView.swift */,
				F0010008 /* PasteLinkView.swift */,
				1A9F403A2F62254400DFA8EF /* CookModeView.swift */,
			);
			path = Views;
			sourceTree = "<group>";
		};
		G0010004 /* Helpers */ = {
			isa = PBXGroup;
			children = (
				F0010009 /* VideoThumbnailView.swift */,
				1ABCDACE2F57AEEB00975132 /* SourceIconView.swift */,
				1A9F400A2F5F70D900DFA8EF /* SupabaseService.swift */,
				F001000A /* BoxStyle.swift */,
				F001000E /* RecipeBackendService.swift */,
				1A9F403C2F62436D00DFA8EF /* AuthManager.swift */,
				1A9F404D2F65F80900DFA8EF /* StoreManager.swift */,
			);
			path = Helpers;
			sourceTree = "<group>";
		};
		G0010005 /* Theme */ = {
			isa = PBXGroup;
			children = (
				F001000B /* AppTheme.swift */,
			);
			path = Theme;
			sourceTree = "<group>";
		};
		G0010006 /* Models */ = {
			isa = PBXGroup;
			children = (
				F001000C /* Recipe.swift */,
			);
			path = Models;
			sourceTree = "<group>";
		};
		G0010007 /* Fonts */ = {
			isa = PBXGroup;
			children = (
				F0010010 /* README.md */,
			);
			path = Fonts;
			sourceTree = "<group>";
		};
/* End PBXGroup section */

/* Begin PBXNativeTarget section */
		T0010001 /* AIRecipeApp */ = {
			isa = PBXNativeTarget;
			buildConfigurationList = C0010004 /* Build configuration list for PBXNativeTarget "AIRecipeApp" */;
			buildPhases = (
				C0010002 /* Sources */,
				C0010001 /* Frameworks */,
				C0010003 /* Resources */,
			);
			buildRules = (
			);
			dependencies = (
			);
			fileSystemSynchronizedGroups = (
				1A9F40292F6114E400DFA8EF /* Auth View */,
				1A9F403E2F6249AF00DFA8EF /* Model */,
				1A9F404F2F65F91900DFA8EF /* Payment */,
			);
			name = AIRecipeApp;
			productName = AIRecipeApp;
			productReference = E0010000 /* AIRecipeApp.app */;
			productType = "com.apple.product-type.application";
		};
/* End PBXNativeTarget section */

/* Begin PBXProject section */
		P0010001 /* Project object */ = {
			isa = PBXProject;
			attributes = {
				BuildIndependentTargetsInParallel = 1;
				LastSwiftUpdateCheck = 1500;
				LastUpgradeCheck = 2600;
				TargetAttributes = {
					T0010001 = {
						CreatedOnToolsVersion = 15.0;
					};
				};
			};
			buildConfigurationList = C0010005 /* Build configuration list for PBXProject "AIRecipeApp" */;
			compatibilityVersion = "Xcode 14.0";
			developmentRegion = en;
			hasScannedForEncodings = 0;
			knownRegions = (
				en,
				Base,
			);
			mainGroup = G0010000;
			packageReferences = (
				1A9F40122F5F772E00DFA8EF /* XCRemoteSwiftPackageReference "supabase-swift" */,
			);
			productRefGroup = G0010002 /* Products */;
			projectDirPath = "";
			projectRoot = "";
			targets = (
				T0010001 /* AIRecipeApp */,
			);
		};
/* End PBXProject section */

/* Begin PBXResourcesBuildPhase section */
		C0010003 /* Resources */ = {
			isa = PBXResourcesBuildPhase;
			buildActionMask = 2147483647;
			files = (
				B001000D /* Assets.xcassets in Resources */,
			);
			runOnlyForDeploymentPostprocessing = 0;
		};
/* End PBXResourcesBuildPhase section */

/* Begin PBXSourcesBuildPhase section */
		C0010002 /* Sources */ = {
			isa = PBXSourcesBuildPhase;
			buildActionMask = 2147483647;
			files = (
				1A9F403D2F62436D00DFA8EF /* AuthManager.swift in Sources */,
				1A9F404E2F65F80900DFA8EF /* StoreManager.swift in Sources */,
				B0010001 /* AIRecipeApp.swift in Sources */,
				B0010002 /* RecipeListView.swift in Sources */,
				B0010003 /* AddRecipeView.swift in Sources */,
				B0010004 /* RecipeEditView.swift in Sources */,
				B0010005 /* RecipePageView.swift in Sources */,
				1A9F400B2F5F70D900DFA8EF /* SupabaseService.swift in Sources */,
				B0010006 /* ImagePickerView.swift in Sources */,
				B0010007 /* QRCodeScannerView.swift in Sources */,
				B0010008 /* PasteLinkView.swift in Sources */,
				B0010011 /* MainView.swift in Sources */,
				B0010009 /* VideoThumbnailView.swift in Sources */,
				1ABCDACF2F57AEEB00975132 /* SourceIconView.swift in Sources */,
				B001000A /* BoxStyle.swift in Sources */,
				1A9F403B2F62254400DFA8EF /* CookModeView.swift in Sources */,
				B001000E /* RecipeBackendService.swift in Sources */,
				B001000B /* AppTheme.swift in Sources */,
				B001000C /* Recipe.swift in Sources */,
			);
			runOnlyForDeploymentPostprocessing = 0;
		};
/* End PBXSourcesBuildPhase section */

/* Begin XCBuildConfiguration section */
		X0010001 /* Debug */ = {
			isa = XCBuildConfiguration;
			buildSettings = {
				ALWAYS_SEARCH_USER_PATHS = NO;
				ASSETCATALOG_COMPILER_GENERATE_SWIFT_ASSET_SYMBOL_EXTENSIONS = YES;
				CLANG_ANALYZER_NONNULL = YES;
				CLANG_ANALYZER_NUMBER_OBJECT_CONVERSION = YES_AGGRESSIVE;
				CLANG_CXX_LANGUAGE_STANDARD = "gnu++20";
				CLANG_ENABLE_MODULES = YES;
				CLANG_ENABLE_OBJC_ARC = YES;
				CLANG_ENABLE_OBJC_WEAK = YES;
				CLANG_WARN_BLOCK_CAPTURE_AUTORELEASING = YES;
				CLANG_WARN_BOOL_CONVERSION = YES;
				CLANG_WARN_COMMA = YES;
				CLANG_WARN_CONSTANT_CONVERSION = YES;
				CLANG_WARN_DEPRECATED_OBJC_IMPLEMENTATIONS = YES;
				CLANG_WARN_DIRECT_OBJC_ISA_USAGE = YES_ERROR;
				CLANG_WARN_DOCUMENTATION_COMMENTS = YES;
				CLANG_WARN_EMPTY_BODY = YES;
				CLANG_WARN_ENUM_CONVERSION = YES;
				CLANG_WARN_INFINITE_RECURSION = YES;
				CLANG_WARN_INT_CONVERSION = YES;
				CLANG_WARN_NON_LITERAL_NULL_CONVERSION = YES;
				CLANG_WARN_OBJC_IMPLICIT_RETAIN_SELF = YES;
				CLANG_WARN_OBJC_LITERAL_CONVERSION = YES;
				CLANG_WARN_OBJC_ROOT_CLASS = YES_ERROR;
				CLANG_WARN_QUOTED_INCLUDE_IN_FRAMEWORK_HEADER = YES;
				CLANG_WARN_RANGE_LOOP_ANALYSIS = YES;
				CLANG_WARN_STRICT_PROTOTYPES = YES;
				CLANG_WARN_SUSPICIOUS_MOVE = YES;
				CLANG_WARN_UNGUARDED_AVAILABILITY = YES_AGGRESSIVE;
				CLANG_WARN_UNREACHABLE_CODE = YES;
				CLANG_WARN__DUPLICATE_METHOD_MATCH = YES;
				COPY_PHASE_STRIP = NO;
				DEAD_CODE_STRIPPING = YES;
				DEBUG_INFORMATION_FORMAT = dwarf;
				DEVELOPMENT_TEAM = XWJ2KKP2XQ;
				ENABLE_STRICT_OBJC_MSGSEND = YES;
				ENABLE_TESTABILITY = YES;
				ENABLE_USER_SCRIPT_SANDBOXING = YES;
				GCC_C_LANGUAGE_STANDARD = gnu17;
				GCC_DYNAMIC_NO_PIC = NO;
				GCC_NO_COMMON_BLOCKS = YES;
				GCC_OPTIMIZATION_LEVEL = 0;
				GCC_PREPROCESSOR_DEFINITIONS = (
					"DEBUG=1",
					"$(inherited)",
				);
				GCC_WARN_64_TO_32_BIT_CONVERSION = YES;
				GCC_WARN_ABOUT_RETURN_TYPE = YES_ERROR;
				GCC_WARN_UNDECLARED_SELECTOR = YES;
				GCC_WARN_UNINITIALIZED_AUTOS = YES_AGGRESSIVE;
				GCC_WARN_UNUSED_FUNCTION = YES;
				GCC_WARN_UNUSED_VARIABLE = YES;
				LOCALIZATION_PREFERS_STRING_CATALOGS = YES;
				MTL_ENABLE_DEBUG_INFO = INCLUDE_SOURCE;
				MTL_FAST_MATH = YES;
				ONLY_ACTIVE_ARCH = YES;
				STRING_CATALOG_GENERATE_SYMBOLS = YES;
				SWIFT_ACTIVE_COMPILATION_CONDITIONS = "DEBUG $(inherited)";
				SWIFT_OPTIMIZATION_LEVEL = "-Onone";
			};
			name = Debug;
		};
		X0010002 /* Release */ = {
			isa = XCBuildConfiguration;
			buildSettings = {
				ALWAYS_SEARCH_USER_PATHS = NO;
				ASSETCATALOG_COMPILER_GENERATE_SWIFT_ASSET_SYMBOL_EXTENSIONS = YES;
				CLANG_ANALYZER_NONNULL = YES;
				CLANG_ANALYZER_NUMBER_OBJECT_CONVERSION = YES_AGGRESSIVE;
				CLANG_CXX_LANGUAGE_STANDARD = "gnu++20";
				CLANG_ENABLE_MODULES = YES;
				CLANG_ENABLE_OBJC_ARC = YES;
				CLANG_ENABLE_OBJC_WEAK = YES;
				CLANG_WARN_BLOCK_CAPTURE_AUTORELEASING = YES;
				CLANG_WARN_BOOL_CONVERSION = YES;
				CLANG_WARN_COMMA = YES;
				CLANG_WARN_CONSTANT_CONVERSION = YES;
				CLANG_WARN_DEPRECATED_OBJC_IMPLEMENTATIONS = YES;
				CLANG_WARN_DIRECT_OBJC_ISA_USAGE = YES_ERROR;
				CLANG_WARN_DOCUMENTATION_COMMENTS = YES;
				CLANG_WARN_EMPTY_BODY = YES;
				CLANG_WARN_ENUM_CONVERSION = YES;
				CLANG_WARN_INFINITE_RECURSION = YES;
				CLANG_WARN_INT_CONVERSION = YES;
				CLANG_WARN_NON_LITERAL_NULL_CONVERSION = YES;
				CLANG_WARN_OBJC_IMPLICIT_RETAIN_SELF = YES;
				CLANG_WARN_OBJC_LITERAL_CONVERSION = YES;
				CLANG_WARN_OBJC_ROOT_CLASS = YES_ERROR;
				CLANG_WARN_QUOTED_INCLUDE_IN_FRAMEWORK_HEADER = YES;
				CLANG_WARN_RANGE_LOOP_ANALYSIS = YES;
				CLANG_WARN_STRICT_PROTOTYPES = YES;
				CLANG_WARN_SUSPICIOUS_MOVE = YES;
				CLANG_WARN_UNGUARDED_AVAILABILITY = YES_AGGRESSIVE;
				CLANG_WARN_UNREACHABLE_CODE = YES;
				CLANG_WARN__DUPLICATE_METHOD_MATCH = YES;
				COPY_PHASE_STRIP = NO;
				DEAD_CODE_STRIPPING = YES;
				DEBUG_INFORMATION_FORMAT = "dwarf-with-dsym";
				DEVELOPMENT_TEAM = XWJ2KKP2XQ;
				ENABLE_NS_ASSERTIONS = NO;
				ENABLE_STRICT_OBJC_MSGSEND = YES;
				ENABLE_USER_SCRIPT_SANDBOXING = YES;
				GCC_C_LANGUAGE_STANDARD = gnu17;
				GCC_NO_COMMON_BLOCKS = YES;
				GCC_WARN_64_TO_32_BIT_CONVERSION = YES;
				GCC_WARN_ABOUT_RETURN_TYPE = YES_ERROR;
				GCC_WARN_UNDECLARED_SELECTOR = YES;
				GCC_WARN_UNINITIALIZED_AUTOS = YES_AGGRESSIVE;
				GCC_WARN_UNUSED_FUNCTION = YES;
				GCC_WARN_UNUSED_VARIABLE = YES;
				LOCALIZATION_PREFERS_STRING_CATALOGS = YES;
				MTL_ENABLE_DEBUG_INFO = NO;
				MTL_FAST_MATH = YES;
				STRING_CATALOG_GENERATE_SYMBOLS = YES;
				SWIFT_COMPILATION_MODE = wholemodule;
			};
			name = Release;
		};
		X0010003 /* Debug */ = {
			isa = XCBuildConfiguration;
			buildSettings = {
				ASSETCATALOG_COMPILER_APPICON_NAME = AppIcon;
				ASSETCATALOG_COMPILER_GLOBAL_ACCENT_COLOR_NAME = AccentColor;
				CODE_SIGN_ENTITLEMENTS = AIRecipeApp.entitlements;
				CODE_SIGN_STYLE = Automatic;
				CURRENT_PROJECT_VERSION = 1;
				DEVELOPMENT_ASSET_PATHS = "";
				DEVELOPMENT_TEAM = XWJ2KKP2XQ;
				ENABLE_PREVIEWS = YES;
				GENERATE_INFOPLIST_FILE = YES;
				INFOPLIST_FILE = AIRecipe/Info.plist;
				INFOPLIST_KEY_CFBundleDisplayName = "AI Recipe";
				INFOPLIST_KEY_NSFaceIDUsageDescription = "In app Purchase for authentication";
				INFOPLIST_KEY_UIApplicationSceneManifest_Generation = YES;
				INFOPLIST_KEY_UIApplicationSupportsIndirectInputEvents = YES;
				INFOPLIST_KEY_UILaunchScreen_Generation = YES;
				INFOPLIST_KEY_UISupportedInterfaceOrientations = "UIInterfaceOrientationPortrait UIInterfaceOrientationLandscapeLeft UIInterfaceOrientationLandscapeRight";
				INFOPLIST_KEY_UISupportedInterfaceOrientations_iPad = "UIInterfaceOrientationPortrait UIInterfaceOrientationPortraitUpsideDown UIInterfaceOrientationLandscapeLeft UIInterfaceOrientationLandscapeRight";
				IPHONEOS_DEPLOYMENT_TARGET = 17.0;
				LD_RUNPATH_SEARCH_PATHS = (
					"$(inherited)",
					"@executable_path/Frameworks",
				);
				MARKETING_VERSION = 1.0;
				PRODUCT_BUNDLE_IDENTIFIER = com.airecipe.app;
				PRODUCT_NAME = "$(TARGET_NAME)";
				SDKROOT = iphoneos;
				SUPPORTED_PLATFORMS = "iphoneos iphonesimulator";
				SWIFT_EMIT_LOC_STRINGS = YES;
				SWIFT_STRICT_CONCURRENCY = minimal;
				SWIFT_VERSION = 5.0;
				TARGETED_DEVICE_FAMILY = "1,2";
			};
			name = Debug;
		};
		X0010004 /* Release */ = {
			isa = XCBuildConfiguration;
			buildSettings = {
				ASSETCATALOG_COMPILER_APPICON_NAME = AppIcon;
				ASSETCATALOG_COMPILER_GLOBAL_ACCENT_COLOR_NAME = AccentColor;
				CODE_SIGN_ENTITLEMENTS = AIRecipeApp.entitlements;
				CODE_SIGN_STYLE = Automatic;
				CURRENT_PROJECT_VERSION = 1;
				DEVELOPMENT_ASSET_PATHS = "";
				DEVELOPMENT_TEAM = XWJ2KKP2XQ;
				ENABLE_PREVIEWS = YES;
				GENERATE_INFOPLIST_FILE = YES;
				INFOPLIST_FILE = AIRecipe/Info.plist;
				INFOPLIST_KEY_CFBundleDisplayName = "AI Recipe";
				INFOPLIST_KEY_NSFaceIDUsageDescription = "In app Purchase for authentication";
				INFOPLIST_KEY_UIApplicationSceneManifest_Generation = YES;
				INFOPLIST_KEY_UIApplicationSupportsIndirectInputEvents = YES;
				INFOPLIST_KEY_UILaunchScreen_Generation = YES;
				INFOPLIST_KEY_UISupportedInterfaceOrientations = "UIInterfaceOrientationPortrait UIInterfaceOrientationLandscapeLeft UIInterfaceOrientationLandscapeRight";
				INFOPLIST_KEY_UISupportedInterfaceOrientations_iPad = "UIInterfaceOrientationPortrait UIInterfaceOrientationPortraitUpsideDown UIInterfaceOrientationLandscapeLeft UIInterfaceOrientationLandscapeRight";
				IPHONEOS_DEPLOYMENT_TARGET = 17.0;
				LD_RUNPATH_SEARCH_PATHS = (
					"$(inherited)",
					"@executable_path/Frameworks",
				);
				MARKETING_VERSION = 1.0;
				PRODUCT_BUNDLE_IDENTIFIER = com.airecipe.app;
				PRODUCT_NAME = "$(TARGET_NAME)";
				SDKROOT = iphoneos;
				SUPPORTED_PLATFORMS = "iphoneos iphonesimulator";
				SWIFT_EMIT_LOC_STRINGS = YES;
				SWIFT_STRICT_CONCURRENCY = minimal;
				SWIFT_VERSION = 5.0;
				TARGETED_DEVICE_FAMILY = "1,2";
			};
			name = Release;
		};
/* End XCBuildConfiguration section */

/* Begin XCConfigurationList section */
		C0010004 /* Build configuration list for PBXNativeTarget "AIRecipeApp" */ = {
			isa = XCConfigurationList;
			buildConfigurations = (
				X0010003 /* Debug */,
				X0010004 /* Release */,
			);
			defaultConfigurationIsVisible = 0;
			defaultConfigurationName = Release;
		};
		C0010005 /* Build configuration list for PBXProject "AIRecipeApp" */ = {
			isa = XCConfigurationList;
			buildConfigurations = (
				X0010001 /* Debug */,
				X0010002 /* Release */,
			);
			defaultConfigurationIsVisible = 0;
			defaultConfigurationName = Release;
		};
/* End XCConfigurationList section */

/* Begin XCRemoteSwiftPackageReference section */
		1A9F40122F5F772E00DFA8EF /* XCRemoteSwiftPackageReference "supabase-swift" */ = {
			isa = XCRemoteSwiftPackageReference;
			repositoryURL = "https://github.com/supabase/supabase-swift.git";
			requirement = {
				kind = upToNextMajorVersion;
				minimumVersion = 2.5.1;
			};
		};
/* End XCRemoteSwiftPackageReference section */

/* Begin XCSwiftPackageProductDependency section */
		1A9F40132F5F772E00DFA8EF /* Auth */ = {
			isa = XCSwiftPackageProductDependency;
			package = 1A9F40122F5F772E00DFA8EF /* XCRemoteSwiftPackageReference "supabase-swift" */;
			productName = Auth;
		};
		1A9F40152F5F772E00DFA8EF /* Functions */ = {
			isa = XCSwiftPackageProductDependency;
			package = 1A9F40122F5F772E00DFA8EF /* XCRemoteSwiftPackageReference "supabase-swift" */;
			productName = Functions;
		};
		1A9F40172F5F772E00DFA8EF /* PostgREST */ = {
			isa = XCSwiftPackageProductDependency;
			package = 1A9F40122F5F772E00DFA8EF /* XCRemoteSwiftPackageReference "supabase-swift" */;
			productName = PostgREST;
		};
		1A9F40192F5F772E00DFA8EF /* Realtime */ = {
			isa = XCSwiftPackageProductDependency;
			package = 1A9F40122F5F772E00DFA8EF /* XCRemoteSwiftPackageReference "supabase-swift" */;
			productName = Realtime;
		};
		1A9F401B2F5F772E00DFA8EF /* Storage */ = {
			isa = XCSwiftPackageProductDependency;
			package = 1A9F40122F5F772E00DFA8EF /* XCRemoteSwiftPackageReference "supabase-swift" */;
			productName = Storage;
		};
		1A9F40202F5FBE7E00DFA8EF /* Supabase */ = {
			isa = XCSwiftPackageProductDependency;
			package = 1A9F40122F5F772E00DFA8EF /* XCRemoteSwiftPackageReference "supabase-swift" */;
			productName = Supabase;
		};
/* End XCSwiftPackageProductDependency section */
	};
	rootObject = P0010001 /* Project object */;
}
